
Microsoft Visual Studio Solution File, Format Version 12.00
# Visual Studio Version 16
VisualStudioVersion = 16.0.33529.622
MinimumVisualStudioVersion = 10.0.40219.1
Project("{FAE04EC0-301F-11D3-BF4B-00C04F79EFBC}") = "InjectionController", "InjectionController\InjectionController.csproj", "{BA2D5C0C-AF20-4743-A7A1-E193F6CA84AB}"
EndProject
Global
	GlobalSection(SolutionConfigurationPlatforms) = preSolution
		Debug|Any CPU = Debug|Any CPU
		Release|Any CPU = Release|Any CPU
	EndGlobalSection
	GlobalSection(ProjectConfigurationPlatforms) = postSolution
		{BA2D5C0C-AF20-4743-A7A1-E193F6CA84AB}.Debug|Any CPU.ActiveCfg = Debug|Any CPU
		{BA2D5C0C-AF20-4743-A7A1-E193F6CA84AB}.Debug|Any CPU.Build.0 = Debug|Any CPU
		{BA2D5C0C-AF20-4743-A7A1-E193F6CA84AB}.Release|Any CPU.ActiveCfg = Release|Any CPU
		{BA2D5C0C-AF20-4743-A7A1-E193F6CA84AB}.Release|Any CPU.Build.0 = Release|Any CPU
	EndGlobalSection
	GlobalSection(SolutionProperties) = preSolution
		HideSolutionNode = FALSE
	EndGlobalSection
	GlobalSection(ExtensibilityGlobals) = postSolution
		SolutionGuid = {15B1DF9B-7386-472D-9DFE-230551A63F53}
	EndGlobalSection
EndGlobal
